
Microsoft Visual Studio Solution File, Format Version 12.00
# Visual Studio Version 16
VisualStudioVersion = 16.0.28909.114
MinimumVisualStudioVersion = 10.0.40219.1
Project("{9A19103F-16F7-4668-BE54-9A1E7A4F7556}") = "Greenfield", "Greenfield\Greenfield.csproj", "{89E741D3-ADEA-4A6E-84FD-62132EFADC4A}"
EndProject
Project("{FAE04EC0-301F-11D3-BF4B-00C04F79EFBC}") = "LegacyApi", "LegacyApi\LegacyApi.csproj", "{FC29997E-568C-479C-9A1B-5A55D69AC224}"
EndProject
Project("{2150E333-8FDC-42A3-9474-1A3956D46DE8}") = "Solution Items", "Solution Items", "{C139F5AD-90EA-4FE2-A51C-DB69D612F92A}"
	ProjectSection(SolutionItems) = preProject
		README.md = README.md
	EndProjectSection
EndProject
Global
	GlobalSection(SolutionConfigurationPlatforms) = preSolution
		Debug|Any CPU = Debug|Any CPU
		Release|Any CPU = Release|Any CPU
	EndGlobalSection
	GlobalSection(ProjectConfigurationPlatforms) = postSolution
		{89E741D3-ADEA-4A6E-84FD-62132EFADC4A}.Debug|Any CPU.ActiveCfg = Debug|Any CPU
		{89E741D3-ADEA-4A6E-84FD-62132EFADC4A}.Debug|Any CPU.Build.0 = Debug|Any CPU
		{89E741D3-ADEA-4A6E-84FD-62132EFADC4A}.Release|Any CPU.ActiveCfg = Release|Any CPU
		{89E741D3-ADEA-4A6E-84FD-62132EFADC4A}.Release|Any CPU.Build.0 = Release|Any CPU
		{FC29997E-568C-479C-9A1B-5A55D69AC224}.Debug|Any CPU.ActiveCfg = Debug|Any CPU
		{FC29997E-568C-479C-9A1B-5A55D69AC224}.Debug|Any CPU.Build.0 = Debug|Any CPU
		{FC29997E-568C-479C-9A1B-5A55D69AC224}.Release|Any CPU.ActiveCfg = Release|Any CPU
		{FC29997E-568C-479C-9A1B-5A55D69AC224}.Release|Any CPU.Build.0 = Release|Any CPU
	EndGlobalSection
	GlobalSection(SolutionProperties) = preSolution
		HideSolutionNode = FALSE
	EndGlobalSection
	GlobalSection(ExtensibilityGlobals) = postSolution
		SolutionGuid = {43613EDB-7F79-411C-848C-21BB806AA551}
	EndGlobalSection
EndGlobal
